
Microsoft Visual Studio Solution File, Format Version 11.00
# Visual Studio 2010
Project("{FAE04EC0-301F-11D3-BF4B-00C04F79EFBC}") = "ActionHandlerExample", "MvcApplication2\ActionHandlerExample.csproj", "{FF26592E-D19A-4937-AB55-9DCB959AD912}"
EndProject
Project("{FAE04EC0-301F-11D3-BF4B-00C04F79EFBC}") = "MvcApplication2.Tests", "MvcApplication2.Tests\MvcApplication2.Tests.csproj", "{B6C25D20-D17B-4619-A381-294BCBD3F623}"
EndProject
Global
	GlobalSection(SolutionConfigurationPlatforms) = preSolution
		Debug|Any CPU = Debug|Any CPU
		Release|Any CPU = Release|Any CPU
	EndGlobalSection
	GlobalSection(ProjectConfigurationPlatforms) = postSolution
		{FF26592E-D19A-4937-AB55-9DCB959AD912}.Debug|Any CPU.ActiveCfg = Debug|Any CPU
		{FF26592E-D19A-4937-AB55-9DCB959AD912}.Debug|Any CPU.Build.0 = Debug|Any CPU
		{FF26592E-D19A-4937-AB55-9DCB959AD912}.Release|Any CPU.ActiveCfg = Release|Any CPU
		{FF26592E-D19A-4937-AB55-9DCB959AD912}.Release|Any CPU.Build.0 = Release|Any CPU
		{B6C25D20-D17B-4619-A381-294BCBD3F623}.Debug|Any CPU.ActiveCfg = Debug|Any CPU
		{B6C25D20-D17B-4619-A381-294BCBD3F623}.Debug|Any CPU.Build.0 = Debug|Any CPU
		{B6C25D20-D17B-4619-A381-294BCBD3F623}.Release|Any CPU.ActiveCfg = Release|Any CPU
		{B6C25D20-D17B-4619-A381-294BCBD3F623}.Release|Any CPU.Build.0 = Release|Any CPU
	EndGlobalSection
	GlobalSection(SolutionProperties) = preSolution
		HideSolutionNode = FALSE
	EndGlobalSection
EndGlobal
