
Microsoft Visual Studio Solution File, Format Version 11.00
# Visual Studio 2010
Project("{FAE04EC0-301F-11D3-BF4B-00C04F79EFBC}") = "MvcActions", "MvcActions\MvcActions.csproj", "{F2930ED8-75D9-48F1-9EAF-047C2428CB17}"
EndProject
Project("{FAE04EC0-301F-11D3-BF4B-00C04F79EFBC}") = "MvcModel", "MvcModel\MvcModel.csproj", "{B9ACB8C0-627C-44D8-B4F1-623A5DA8D088}"
EndProject
Project("{FAE04EC0-301F-11D3-BF4B-00C04F79EFBC}") = "MvcDataAccess", "MvcDataAccess\MvcDataAccess.csproj", "{0496A309-4152-47D0-8076-4C61FD535A00}"
EndProject
Project("{FAE04EC0-301F-11D3-BF4B-00C04F79EFBC}") = "MvcWeb", "MvcWeb\MvcWeb.csproj", "{E6B992AA-60FE-46A6-BB8D-152A3E4E3885}"
EndProject
Project("{FAE04EC0-301F-11D3-BF4B-00C04F79EFBC}") = "Templates", "Templates\Templates.csproj", "{956FEE5A-86CD-432D-B6E7-492F0C485E1E}"
EndProject
Project("{FAE04EC0-301F-11D3-BF4B-00C04F79EFBC}") = "MvcIOC", "MvcIOC\MvcIOC.csproj", "{E1C7F91A-D113-4145-97FA-AF1CC0056C24}"
EndProject
Project("{FAE04EC0-301F-11D3-BF4B-00C04F79EFBC}") = "MvcIOCTest", "MvcTest\MvcIOCTest.csproj", "{2271A1C5-2DB1-4297-859A-F6A7A5BF6F13}"
EndProject
Project("{2150E333-8FDC-42A3-9474-1A3956D46DE8}") = "Solution Items", "Solution Items", "{0D9F905C-1C35-4D7F-96FC-1EDD21361921}"
	ProjectSection(SolutionItems) = preProject
		Local.testsettings = Local.testsettings
		MvcAPI.vsmdi = MvcAPI.vsmdi
		TraceAndTestImpact.testsettings = TraceAndTestImpact.testsettings
	EndProjectSection
EndProject
Global
	GlobalSection(TestCaseManagementSettings) = postSolution
		CategoryFile = MvcAPI.vsmdi
	EndGlobalSection
	GlobalSection(SolutionConfigurationPlatforms) = preSolution
		Debug|Any CPU = Debug|Any CPU
		Release|Any CPU = Release|Any CPU
	EndGlobalSection
	GlobalSection(ProjectConfigurationPlatforms) = postSolution
		{F2930ED8-75D9-48F1-9EAF-047C2428CB17}.Debug|Any CPU.ActiveCfg = Debug|Any CPU
		{F2930ED8-75D9-48F1-9EAF-047C2428CB17}.Debug|Any CPU.Build.0 = Debug|Any CPU
		{F2930ED8-75D9-48F1-9EAF-047C2428CB17}.Release|Any CPU.ActiveCfg = Release|Any CPU
		{F2930ED8-75D9-48F1-9EAF-047C2428CB17}.Release|Any CPU.Build.0 = Release|Any CPU
		{B9ACB8C0-627C-44D8-B4F1-623A5DA8D088}.Debug|Any CPU.ActiveCfg = Debug|Any CPU
		{B9ACB8C0-627C-44D8-B4F1-623A5DA8D088}.Debug|Any CPU.Build.0 = Debug|Any CPU
		{B9ACB8C0-627C-44D8-B4F1-623A5DA8D088}.Release|Any CPU.ActiveCfg = Release|Any CPU
		{B9ACB8C0-627C-44D8-B4F1-623A5DA8D088}.Release|Any CPU.Build.0 = Release|Any CPU
		{0496A309-4152-47D0-8076-4C61FD535A00}.Debug|Any CPU.ActiveCfg = Debug|Any CPU
		{0496A309-4152-47D0-8076-4C61FD535A00}.Debug|Any CPU.Build.0 = Debug|Any CPU
		{0496A309-4152-47D0-8076-4C61FD535A00}.Release|Any CPU.ActiveCfg = Release|Any CPU
		{0496A309-4152-47D0-8076-4C61FD535A00}.Release|Any CPU.Build.0 = Release|Any CPU
		{E6B992AA-60FE-46A6-BB8D-152A3E4E3885}.Debug|Any CPU.ActiveCfg = Debug|Any CPU
		{E6B992AA-60FE-46A6-BB8D-152A3E4E3885}.Debug|Any CPU.Build.0 = Debug|Any CPU
		{E6B992AA-60FE-46A6-BB8D-152A3E4E3885}.Release|Any CPU.ActiveCfg = Release|Any CPU
		{E6B992AA-60FE-46A6-BB8D-152A3E4E3885}.Release|Any CPU.Build.0 = Release|Any CPU
		{956FEE5A-86CD-432D-B6E7-492F0C485E1E}.Debug|Any CPU.ActiveCfg = Debug|Any CPU
		{956FEE5A-86CD-432D-B6E7-492F0C485E1E}.Debug|Any CPU.Build.0 = Debug|Any CPU
		{956FEE5A-86CD-432D-B6E7-492F0C485E1E}.Release|Any CPU.ActiveCfg = Release|Any CPU
		{956FEE5A-86CD-432D-B6E7-492F0C485E1E}.Release|Any CPU.Build.0 = Release|Any CPU
		{E1C7F91A-D113-4145-97FA-AF1CC0056C24}.Debug|Any CPU.ActiveCfg = Debug|Any CPU
		{E1C7F91A-D113-4145-97FA-AF1CC0056C24}.Debug|Any CPU.Build.0 = Debug|Any CPU
		{E1C7F91A-D113-4145-97FA-AF1CC0056C24}.Release|Any CPU.ActiveCfg = Release|Any CPU
		{E1C7F91A-D113-4145-97FA-AF1CC0056C24}.Release|Any CPU.Build.0 = Release|Any CPU
		{2271A1C5-2DB1-4297-859A-F6A7A5BF6F13}.Debug|Any CPU.ActiveCfg = Debug|Any CPU
		{2271A1C5-2DB1-4297-859A-F6A7A5BF6F13}.Debug|Any CPU.Build.0 = Debug|Any CPU
		{2271A1C5-2DB1-4297-859A-F6A7A5BF6F13}.Release|Any CPU.ActiveCfg = Release|Any CPU
		{2271A1C5-2DB1-4297-859A-F6A7A5BF6F13}.Release|Any CPU.Build.0 = Release|Any CPU
	EndGlobalSection
	GlobalSection(SolutionProperties) = preSolution
		HideSolutionNode = FALSE
	EndGlobalSection
EndGlobal
